
Microsoft Visual Studio Solution File, Format Version 12.00
# Visual Studio Version 17
VisualStudioVersion = 17.0.31903.59
MinimumVisualStudioVersion = 10.0.40219.1
Project("{2150E333-8FDC-42A3-9474-1A3956D46DE8}") = "BlogBackend", "BlogBackend", "{C47BAC94-52CE-4691-8D84-6E4B9403D9B4}"
EndProject
Project("{2150E333-8FDC-42A3-9474-1A3956D46DE8}") = "src", "src", "{E0BC59ED-63B4-45C0-AB7C-081FE10C6F52}"
EndProject
Project("{FAE04EC0-301F-11D3-BF4B-00C04F79EFBC}") = "BlogBackend.Core", "BlogBackend\src\BlogBackend.Core\BlogBackend.Core.csproj", "{8FCF64C3-C1A9-4542-9A06-3E02371DA993}"
EndProject
Project("{FAE04EC0-301F-11D3-BF4B-00C04F79EFBC}") = "BlogBackend.Infrastructure", "BlogBackend\src\BlogBackend.Infrastructure\BlogBackend.Infrastructure.csproj", "{9BEBE7D1-DBE7-4544-B9CC-90BA87156271}"
EndProject
Project("{FAE04EC0-301F-11D3-BF4B-00C04F79EFBC}") = "BlogBackend.Presentation", "BlogBackend\src\BlogBackend.Presentation\BlogBackend.Presentation.csproj", "{FA712F6C-901B-459A-A78C-15D0CEFD6133}"
EndProject
Global
	GlobalSection(SolutionConfigurationPlatforms) = preSolution
		Debug|Any CPU = Debug|Any CPU
		Release|Any CPU = Release|Any CPU
	EndGlobalSection
	GlobalSection(SolutionProperties) = preSolution
		HideSolutionNode = FALSE
	EndGlobalSection
	GlobalSection(ProjectConfigurationPlatforms) = postSolution
		{8FCF64C3-C1A9-4542-9A06-3E02371DA993}.Debug|Any CPU.ActiveCfg = Debug|Any CPU
		{8FCF64C3-C1A9-4542-9A06-3E02371DA993}.Debug|Any CPU.Build.0 = Debug|Any CPU
		{8FCF64C3-C1A9-4542-9A06-3E02371DA993}.Release|Any CPU.ActiveCfg = Release|Any CPU
		{8FCF64C3-C1A9-4542-9A06-3E02371DA993}.Release|Any CPU.Build.0 = Release|Any CPU
		{9BEBE7D1-DBE7-4544-B9CC-90BA87156271}.Debug|Any CPU.ActiveCfg = Debug|Any CPU
		{9BEBE7D1-DBE7-4544-B9CC-90BA87156271}.Debug|Any CPU.Build.0 = Debug|Any CPU
		{9BEBE7D1-DBE7-4544-B9CC-90BA87156271}.Release|Any CPU.ActiveCfg = Release|Any CPU
		{9BEBE7D1-DBE7-4544-B9CC-90BA87156271}.Release|Any CPU.Build.0 = Release|Any CPU
		{FA712F6C-901B-459A-A78C-15D0CEFD6133}.Debug|Any CPU.ActiveCfg = Debug|Any CPU
		{FA712F6C-901B-459A-A78C-15D0CEFD6133}.Debug|Any CPU.Build.0 = Debug|Any CPU
		{FA712F6C-901B-459A-A78C-15D0CEFD6133}.Release|Any CPU.ActiveCfg = Release|Any CPU
		{FA712F6C-901B-459A-A78C-15D0CEFD6133}.Release|Any CPU.Build.0 = Release|Any CPU
	EndGlobalSection
	GlobalSection(NestedProjects) = preSolution
		{E0BC59ED-63B4-45C0-AB7C-081FE10C6F52} = {C47BAC94-52CE-4691-8D84-6E4B9403D9B4}
		{8FCF64C3-C1A9-4542-9A06-3E02371DA993} = {E0BC59ED-63B4-45C0-AB7C-081FE10C6F52}
		{9BEBE7D1-DBE7-4544-B9CC-90BA87156271} = {E0BC59ED-63B4-45C0-AB7C-081FE10C6F52}
		{FA712F6C-901B-459A-A78C-15D0CEFD6133} = {E0BC59ED-63B4-45C0-AB7C-081FE10C6F52}
	EndGlobalSection
EndGlobal
