
Microsoft Visual Studio Solution File, Format Version 12.00
# Visual Studio Version 17
VisualStudioVersion = 17.0.31903.59
MinimumVisualStudioVersion = 10.0.40219.1
Project("{2150E333-8FDC-42A3-9474-1A3956D46DE8}") = "BlogBackend", "BlogBackend", "{8C6AF28E-9DE6-4698-A4F6-11C30A2D14F8}"
EndProject
Project("{2150E333-8FDC-42A3-9474-1A3956D46DE8}") = "src", "src", "{2828E127-0DC6-4F2F-A26B-742852222926}"
EndProject
Project("{FAE04EC0-301F-11D3-BF4B-00C04F79EFBC}") = "BlogBackend.Core", "BlogBackend\src\BlogBackend.Core\BlogBackend.Core.csproj", "{96B6F245-A515-4C30-9553-D15540CC834D}"
EndProject
Project("{FAE04EC0-301F-11D3-BF4B-00C04F79EFBC}") = "BlogBackend.Infrastructure", "BlogBackend\src\BlogBackend.Infrastructure\BlogBackend.Infrastructure.csproj", "{B2F8DC92-5E66-4581-96F7-02B34667D991}"
EndProject
Project("{FAE04EC0-301F-11D3-BF4B-00C04F79EFBC}") = "BlogBackend.Presentation", "BlogBackend\src\BlogBackend.Presentation\BlogBackend.Presentation.csproj", "{C172E34F-5C3A-47DF-B6ED-60468DE9C597}"
EndProject
Global
	GlobalSection(SolutionConfigurationPlatforms) = preSolution
		Debug|Any CPU = Debug|Any CPU
		Release|Any CPU = Release|Any CPU
	EndGlobalSection
	GlobalSection(SolutionProperties) = preSolution
		HideSolutionNode = FALSE
	EndGlobalSection
	GlobalSection(ProjectConfigurationPlatforms) = postSolution
		{96B6F245-A515-4C30-9553-D15540CC834D}.Debug|Any CPU.ActiveCfg = Debug|Any CPU
		{96B6F245-A515-4C30-9553-D15540CC834D}.Debug|Any CPU.Build.0 = Debug|Any CPU
		{96B6F245-A515-4C30-9553-D15540CC834D}.Release|Any CPU.ActiveCfg = Release|Any CPU
		{96B6F245-A515-4C30-9553-D15540CC834D}.Release|Any CPU.Build.0 = Release|Any CPU
		{B2F8DC92-5E66-4581-96F7-02B34667D991}.Debug|Any CPU.ActiveCfg = Debug|Any CPU
		{B2F8DC92-5E66-4581-96F7-02B34667D991}.Debug|Any CPU.Build.0 = Debug|Any CPU
		{B2F8DC92-5E66-4581-96F7-02B34667D991}.Release|Any CPU.ActiveCfg = Release|Any CPU
		{B2F8DC92-5E66-4581-96F7-02B34667D991}.Release|Any CPU.Build.0 = Release|Any CPU
		{C172E34F-5C3A-47DF-B6ED-60468DE9C597}.Debug|Any CPU.ActiveCfg = Debug|Any CPU
		{C172E34F-5C3A-47DF-B6ED-60468DE9C597}.Debug|Any CPU.Build.0 = Debug|Any CPU
		{C172E34F-5C3A-47DF-B6ED-60468DE9C597}.Release|Any CPU.ActiveCfg = Release|Any CPU
		{C172E34F-5C3A-47DF-B6ED-60468DE9C597}.Release|Any CPU.Build.0 = Release|Any CPU
	EndGlobalSection
	GlobalSection(NestedProjects) = preSolution
		{2828E127-0DC6-4F2F-A26B-742852222926} = {8C6AF28E-9DE6-4698-A4F6-11C30A2D14F8}
		{96B6F245-A515-4C30-9553-D15540CC834D} = {2828E127-0DC6-4F2F-A26B-742852222926}
		{B2F8DC92-5E66-4581-96F7-02B34667D991} = {2828E127-0DC6-4F2F-A26B-742852222926}
		{C172E34F-5C3A-47DF-B6ED-60468DE9C597} = {2828E127-0DC6-4F2F-A26B-742852222926}
	EndGlobalSection
EndGlobal
